
Microsoft Visual Studio Solution File, Format Version 12.00
# Visual Studio 15
VisualStudioVersion = 15.0.26730.16
MinimumVisualStudioVersion = 10.0.40219.1
Project("{FAE04EC0-301F-11D3-BF4B-00C04F79EFBC}") = "ConsoleLAB3_TAP", "ConsoleLAB3_TAP\ConsoleLAB3_TAP.csproj", "{147FA42D-F9EA-414A-8DD1-0DB5091B8200}"
EndProject
Global
	GlobalSection(SolutionConfigurationPlatforms) = preSolution
		Debug|Any CPU = Debug|Any CPU
		Release|Any CPU = Release|Any CPU
	EndGlobalSection
	GlobalSection(ProjectConfigurationPlatforms) = postSolution
		{147FA42D-F9EA-414A-8DD1-0DB5091B8200}.Debug|Any CPU.ActiveCfg = Debug|Any CPU
		{147FA42D-F9EA-414A-8DD1-0DB5091B8200}.Debug|Any CPU.Build.0 = Debug|Any CPU
		{147FA42D-F9EA-414A-8DD1-0DB5091B8200}.Release|Any CPU.ActiveCfg = Release|Any CPU
		{147FA42D-F9EA-414A-8DD1-0DB5091B8200}.Release|Any CPU.Build.0 = Release|Any CPU
	EndGlobalSection
	GlobalSection(SolutionProperties) = preSolution
		HideSolutionNode = FALSE
	EndGlobalSection
	GlobalSection(ExtensibilityGlobals) = postSolution
		SolutionGuid = {A5F665A3-3319-4F7B-8261-4DA1ED77BE31}
	EndGlobalSection
EndGlobal
